Microsoft Visual Studio Solution File, Format Version 12.00
# 17
VisualStudioVersion = 17.11.35201.85
MinimumVisualStudioVersion = 10.0.40219.1
Project("{9A19103F-16F7-4668-BE54-9A1E7A4F7556}") = "AzureFunctions", "AzureFunctions\AzureFunctions.csproj", "{74D92DF5-E637-421E-AF74-474A4B5F6E5E}"
EndProject
Project("{2150E333-8FDC-42A3-9474-1A3956D46DE8}") = "Solution Items", "Solution Items", "{3C98BCAC-33D9-46B1-8DD1-76D8281D7E14}"
	ProjectSection(SolutionItems) = preProject
		.gitignore = .gitignore
	EndProjectSection
EndProject
Global
	GlobalSection(SolutionConfigurationPlatforms) = preSolution
		Debug|Any CPU = Debug|Any CPU
		Release|Any CPU = Release|Any CPU
	EndGlobalSection
	GlobalSection(ProjectConfigurationPlatforms) = postSolution
		{74D92DF5-E637-421E-AF74-474A4B5F6E5E}.Debug|Any CPU.ActiveCfg = Debug|Any CPU
		{74D92DF5-E637-421E-AF74-474A4B5F6E5E}.Debug|Any CPU.Build.0 = Debug|Any CPU
		{74D92DF5-E637-421E-AF74-474A4B5F6E5E}.Release|Any CPU.ActiveCfg = Release|Any CPU
		{74D92DF5-E637-421E-AF74-474A4B5F6E5E}.Release|Any CPU.Build.0 = Release|Any CPU
	EndGlobalSection
	GlobalSection(SolutionProperties) = preSolution
		HideSolutionNode = FALSE
	EndGlobalSection
	GlobalSection(ExtensibilityGlobals) = postSolution
		SolutionGuid = {DBC3C4AB-972E-4F85-9B62-12BD43FBDC56}
	EndGlobalSection
EndGlobal
